
Microsoft Visual Studio Solution File, Format Version 12.00
# Visual Studio Version 17
VisualStudioVersion = 17.9.34728.123
MinimumVisualStudioVersion = 10.0.40219.1
Project("{FAE04EC0-301F-11D3-BF4B-00C04F79EFBC}") = "IT-HelpDesk", "IT-HelpDesk\IT-HelpDesk.csproj", "{1847C50D-B58B-46E0-A8C4-79FA8052883E}"
EndProject
Global
	GlobalSection(SolutionConfigurationPlatforms) = preSolution
		Debug|Any CPU = Debug|Any CPU
		Release|Any CPU = Release|Any CPU
	EndGlobalSection
	GlobalSection(ProjectConfigurationPlatforms) = postSolution
		{1847C50D-B58B-46E0-A8C4-79FA8052883E}.Debug|Any CPU.ActiveCfg = Debug|Any CPU
		{1847C50D-B58B-46E0-A8C4-79FA8052883E}.Debug|Any CPU.Build.0 = Debug|Any CPU
		{1847C50D-B58B-46E0-A8C4-79FA8052883E}.Release|Any CPU.ActiveCfg = Release|Any CPU
		{1847C50D-B58B-46E0-A8C4-79FA8052883E}.Release|Any CPU.Build.0 = Release|Any CPU
	EndGlobalSection
	GlobalSection(SolutionProperties) = preSolution
		HideSolutionNode = FALSE
	EndGlobalSection
	GlobalSection(ExtensibilityGlobals) = postSolution
		SolutionGuid = {529FAADD-87BE-4723-8BC0-F9E945125987}
	EndGlobalSection
EndGlobal
